
Microsoft Visual Studio Solution File, Format Version 12.00
# Visual Studio Version 16
VisualStudioVersion = 16.0.31613.86
MinimumVisualStudioVersion = 10.0.40219.1
Project("{FAE04EC0-301F-11D3-BF4B-00C04F79EFBC}") = "eTickets", "eTickets\eTickets.csproj", "{A50F2298-E776-4233-88C0-D714B3D37B96}"
EndProject
Global
	GlobalSection(SolutionConfigurationPlatforms) = preSolution
		Debug|Any CPU = Debug|Any CPU
		Release|Any CPU = Release|Any CPU
	EndGlobalSection
	GlobalSection(ProjectConfigurationPlatforms) = postSolution
		{A50F2298-E776-4233-88C0-D714B3D37B96}.Debug|Any CPU.ActiveCfg = Debug|Any CPU
		{A50F2298-E776-4233-88C0-D714B3D37B96}.Debug|Any CPU.Build.0 = Debug|Any CPU
		{A50F2298-E776-4233-88C0-D714B3D37B96}.Release|Any CPU.ActiveCfg = Release|Any CPU
		{A50F2298-E776-4233-88C0-D714B3D37B96}.Release|Any CPU.Build.0 = Release|Any CPU
	EndGlobalSection
	GlobalSection(SolutionProperties) = preSolution
		HideSolutionNode = FALSE
	EndGlobalSection
	GlobalSection(ExtensibilityGlobals) = postSolution
		SolutionGuid = {8322782E-DBBF-4C7A-AAFA-D6C2111E1D1B}
	EndGlobalSection
EndGlobal
